
Microsoft Visual Studio Solution File, Format Version 12.00
# Visual Studio 15
Project("{FAE04EC0-301F-11D3-BF4B-00C04F79EFBC}") = "Assembly-CSharp", "Assembly-CSharp.csproj", "{A6A1F869-2911-C42D-68EF-3614017175DF}"
EndProject
Project("{FAE04EC0-301F-11D3-BF4B-00C04F79EFBC}") = "Assembly-CSharp-Editor", "Assembly-CSharp-Editor.csproj", "{58A7B8AF-3AB3-93B4-AEBD-8A80CC0B7F29}"
EndProject
Global
	GlobalSection(SolutionConfigurationPlatforms) = preSolution
		Debug|Any CPU = Debug|Any CPU
		Release|Any CPU = Release|Any CPU
	EndGlobalSection
	GlobalSection(ProjectConfigurationPlatforms) = postSolution
		{A6A1F869-2911-C42D-68EF-3614017175DF}.Debug|Any CPU.ActiveCfg = Debug|Any CPU
		{A6A1F869-2911-C42D-68EF-3614017175DF}.Debug|Any CPU.Build.0 = Debug|Any CPU
		{A6A1F869-2911-C42D-68EF-3614017175DF}.Release|Any CPU.ActiveCfg = Release|Any CPU
		{A6A1F869-2911-C42D-68EF-3614017175DF}.Release|Any CPU.Build.0 = Release|Any CPU
		{58A7B8AF-3AB3-93B4-AEBD-8A80CC0B7F29}.Debug|Any CPU.ActiveCfg = Debug|Any CPU
		{58A7B8AF-3AB3-93B4-AEBD-8A80CC0B7F29}.Debug|Any CPU.Build.0 = Debug|Any CPU
		{58A7B8AF-3AB3-93B4-AEBD-8A80CC0B7F29}.Release|Any CPU.ActiveCfg = Release|Any CPU
		{58A7B8AF-3AB3-93B4-AEBD-8A80CC0B7F29}.Release|Any CPU.Build.0 = Release|Any CPU
	EndGlobalSection
	GlobalSection(SolutionProperties) = preSolution
		HideSolutionNode = FALSE
	EndGlobalSection
EndGlobal
